// !$*UTF8*$!
{
	archiveVersion = 1;
	classes = {
	};
	objectVersion = 56;
	objects = {

/* Begin PBXBuildFile section */
		270A47122915CF78002D46A2 /* TripCollection.swift in Sources */ = {isa = PBXBuildFile; fileRef = 270A47112915CF78002D46A2 /* TripCollection.swift */; };
		270A47142915D3BD002D46A2 /* DailyOutfitCollection.swift in Sources */ = {isa = PBXBuildFile; fileRef = 270A47132915D3BD002D46A2 /* DailyOutfitCollection.swift */; };
		270A47162915D98E002D46A2 /* TripCollectionRepository.swift in Sources */ = {isa = PBXBuildFile; fileRef = 270A47152915D98E002D46A2 /* TripCollectionRepository.swift */; };
		270A47182915DB8C002D46A2 /* DailyOutfitCollectionRepository.swift in Sources */ = {isa = PBXBuildFile; fileRef = 270A47172915DB8C002D46A2 /* DailyOutfitCollectionRepository.swift */; };
		270A471A2915DC7A002D46A2 /* DailyOutfitCollectionView.swift in Sources */ = {isa = PBXBuildFile; fileRef = 270A47192915DC7A002D46A2 /* DailyOutfitCollectionView.swift */; };
		27139388290828B0007363E2 /* WeatherPackerApp.swift in Sources */ = {isa = PBXBuildFile; fileRef = 27139387290828B0007363E2 /* WeatherPackerApp.swift */; };
		2713938A290828B0007363E2 /* ContentView.swift in Sources */ = {isa = PBXBuildFile; fileRef = 27139389290828B0007363E2 /* ContentView.swift */; };
		2713938C290828B1007363E2 /* Assets.xcassets in Resources */ = {isa = PBXBuildFile; fileRef = 2713938B290828B1007363E2 /* Assets.xcassets */; };
		2713938F290828B1007363E2 /* Preview Assets.xcassets in Resources */ = {isa = PBXBuildFile; fileRef = 2713938E290828B1007363E2 /* Preview Assets.xcassets */; };
		271393972908299E007363E2 /* FirebaseFirestore in Frameworks */ = {isa = PBXBuildFile; productRef = 271393962908299E007363E2 /* FirebaseFirestore */; };
		271393992908299E007363E2 /* FirebaseFirestoreSwift in Frameworks */ = {isa = PBXBuildFile; productRef = 271393982908299E007363E2 /* FirebaseFirestoreSwift */; };
		271D384E291B8F0C003E73DF /* GoogleService-Info.plist in Resources */ = {isa = PBXBuildFile; fileRef = 271D384D291B8F0C003E73DF /* GoogleService-Info.plist */; };
		271D3850291B8F24003E73DF /* GoogleService-Info.plist in Resources */ = {isa = PBXBuildFile; fileRef = 271D384F291B8F24003E73DF /* GoogleService-Info.plist */; };
		271D3852291B8F51003E73DF /* PlanOutfitsView.swift in Sources */ = {isa = PBXBuildFile; fileRef = 271D3851291B8F51003E73DF /* PlanOutfitsView.swift */; };
		271D3854291B8FA8003E73DF /* DailyOutfitController.swift in Sources */ = {isa = PBXBuildFile; fileRef = 271D3853291B8FA8003E73DF /* DailyOutfitController.swift */; };
		2738AC2C2908B74200DE90CF /* UserRepository.swift in Sources */ = {isa = PBXBuildFile; fileRef = 2738AC2B2908B74200DE90CF /* UserRepository.swift */; };
		2738AC2F2908B7B800DE90CF /* User.swift in Sources */ = {isa = PBXBuildFile; fileRef = 2738AC2E2908B7B800DE90CF /* User.swift */; };
		2738AC312908B83300DE90CF /* Item.swift in Sources */ = {isa = PBXBuildFile; fileRef = 2738AC302908B83300DE90CF /* Item.swift */; };
		2738AC332908B8DA00DE90CF /* Trip.swift in Sources */ = {isa = PBXBuildFile; fileRef = 2738AC322908B8DA00DE90CF /* Trip.swift */; };
		2738AC352908B8FA00DE90CF /* Outfit.swift in Sources */ = {isa = PBXBuildFile; fileRef = 2738AC342908B8FA00DE90CF /* Outfit.swift */; };
		2738AC372908B92400DE90CF /* Clothes.swift in Sources */ = {isa = PBXBuildFile; fileRef = 2738AC362908B92400DE90CF /* Clothes.swift */; };
		2738AC392908C05000DE90CF /* TripView.swift in Sources */ = {isa = PBXBuildFile; fileRef = 2738AC382908C05000DE90CF /* TripView.swift */; };
		2738AC3E2908E31E00DE90CF /* UserView.swift in Sources */ = {isa = PBXBuildFile; fileRef = 2738AC3D2908E31E00DE90CF /* UserView.swift */; };
		2738AC402908EA5200DE90CF /* OutfitView.swift in Sources */ = {isa = PBXBuildFile; fileRef = 2738AC3F2908EA5200DE90CF /* OutfitView.swift */; };
		2738AC422908EBB200DE90CF /* ClothesView.swift in Sources */ = {isa = PBXBuildFile; fileRef = 2738AC412908EBB200DE90CF /* ClothesView.swift */; };
		2738AC462908ED9400DE90CF /* ItemView.swift in Sources */ = {isa = PBXBuildFile; fileRef = 2738AC452908ED9400DE90CF /* ItemView.swift */; };
		27A1345B290F1A750082F3AA /* ItemController.swift in Sources */ = {isa = PBXBuildFile; fileRef = 27A1345A290F1A750082F3AA /* ItemController.swift */; };
		27A1345D290F1B100082F3AA /* ListController.swift in Sources */ = {isa = PBXBuildFile; fileRef = 27A1345C290F1B100082F3AA /* ListController.swift */; };
		27A1345F290F1B250082F3AA /* ClothesController.swift in Sources */ = {isa = PBXBuildFile; fileRef = 27A1345E290F1B250082F3AA /* ClothesController.swift */; };
		27A13461290F1B430082F3AA /* TripController.swift in Sources */ = {isa = PBXBuildFile; fileRef = 27A13460290F1B430082F3AA /* TripController.swift */; };
		27A13463290F1B930082F3AA /* UserController.swift in Sources */ = {isa = PBXBuildFile; fileRef = 27A13462290F1B930082F3AA /* UserController.swift */; };
		27A13465290F3BF50082F3AA /* ClothesRepository.swift in Sources */ = {isa = PBXBuildFile; fileRef = 27A13464290F3BF50082F3AA /* ClothesRepository.swift */; };
		27A13467290F3CAC0082F3AA /* ItemRepository.swift in Sources */ = {isa = PBXBuildFile; fileRef = 27A13466290F3CAC0082F3AA /* ItemRepository.swift */; };
		27A13469290F3CC30082F3AA /* TripRepository.swift in Sources */ = {isa = PBXBuildFile; fileRef = 27A13468290F3CC30082F3AA /* TripRepository.swift */; };
		27A1346B290F3CCF0082F3AA /* ListRepository.swift in Sources */ = {isa = PBXBuildFile; fileRef = 27A1346A290F3CCF0082F3AA /* ListRepository.swift */; };
		87ADF5D82918712E00748EFA /* CreationLocationView.swift in Sources */ = {isa = PBXBuildFile; fileRef = 87ADF5D52918712E00748EFA /* CreationLocationView.swift */; };
		87ADF5D92918712E00748EFA /* CreationEndView.swift in Sources */ = {isa = PBXBuildFile; fileRef = 87ADF5D62918712E00748EFA /* CreationEndView.swift */; };
		87ADF5DA2918712E00748EFA /* CreationStartView.swift in Sources */ = {isa = PBXBuildFile; fileRef = 87ADF5D72918712E00748EFA /* CreationStartView.swift */; };
		87ADF5DE291893EC00748EFA /* MainView.swift in Sources */ = {isa = PBXBuildFile; fileRef = 87ADF5DD291893EC00748EFA /* MainView.swift */; };
		87ADF5E3291B6CFD00748EFA /* UserAuth.swift in Sources */ = {isa = PBXBuildFile; fileRef = 87ADF5E2291B6CFD00748EFA /* UserAuth.swift */; };
		87ADF5E7291B7DBB00748EFA /* TripRowView.swift in Sources */ = {isa = PBXBuildFile; fileRef = 87ADF5E6291B7DBB00748EFA /* TripRowView.swift */; };
		87ADF5E9291C4F1E00748EFA /* ListBackground.swift in Sources */ = {isa = PBXBuildFile; fileRef = 87ADF5E8291C4F1E00748EFA /* ListBackground.swift */; };
		87D1664529185564003C0EDB /* GoogleService-Info.plist in Resources */ = {isa = PBXBuildFile; fileRef = 87D1664429185564003C0EDB /* GoogleService-Info.plist */; };

/* End PBXBuildFile section */

/* Begin PBXFileReference section */
		270A47112915CF78002D46A2 /* TripCollection.swift */ = {isa = PBXFileReference; lastKnownFileType = sourcecode.swift; path = TripCollection.swift; sourceTree = "<group>"; };
		270A47132915D3BD002D46A2 /* DailyOutfitCollection.swift */ = {isa = PBXFileReference; lastKnownFileType = sourcecode.swift; path = DailyOutfitCollection.swift; sourceTree = "<group>"; };
		270A47152915D98E002D46A2 /* TripCollectionRepository.swift */ = {isa = PBXFileReference; lastKnownFileType = sourcecode.swift; path = TripCollectionRepository.swift; sourceTree = "<group>"; };
		270A47172915DB8C002D46A2 /* DailyOutfitCollectionRepository.swift */ = {isa = PBXFileReference; lastKnownFileType = sourcecode.swift; path = DailyOutfitCollectionRepository.swift; sourceTree = "<group>"; };
		270A47192915DC7A002D46A2 /* DailyOutfitCollectionView.swift */ = {isa = PBXFileReference; lastKnownFileType = sourcecode.swift; path = DailyOutfitCollectionView.swift; sourceTree = "<group>"; };
		27139384290828B0007363E2 /* WeatherPacker.app */ = {isa = PBXFileReference; explicitFileType = wrapper.application; includeInIndex = 0; path = WeatherPacker.app; sourceTree = BUILT_PRODUCTS_DIR; };
		27139387290828B0007363E2 /* WeatherPackerApp.swift */ = {isa = PBXFileReference; lastKnownFileType = sourcecode.swift; path = WeatherPackerApp.swift; sourceTree = "<group>"; };
		27139389290828B0007363E2 /* ContentView.swift */ = {isa = PBXFileReference; lastKnownFileType = sourcecode.swift; path = ContentView.swift; sourceTree = "<group>"; };
		2713938B290828B1007363E2 /* Assets.xcassets */ = {isa = PBXFileReference; lastKnownFileType = folder.assetcatalog; path = Assets.xcassets; sourceTree = "<group>"; };
		2713938E290828B1007363E2 /* Preview Assets.xcassets */ = {isa = PBXFileReference; lastKnownFileType = folder.assetcatalog; path = "Preview Assets.xcassets"; sourceTree = "<group>"; };
		2713939C29082C4B007363E2 /* GoogleService-Info.plist */ = {isa = PBXFileReference; lastKnownFileType = text.plist.xml; path = "GoogleService-Info.plist"; sourceTree = "<group>"; };
		271D384D291B8F0C003E73DF /* GoogleService-Info.plist */ = {isa = PBXFileReference; fileEncoding = 4; lastKnownFileType = text.plist.xml; name = "GoogleService-Info.plist"; path = "../../../../../../../Downloads/GoogleService-Info.plist"; sourceTree = "<group>"; };
		271D384F291B8F24003E73DF /* GoogleService-Info.plist */ = {isa = PBXFileReference; fileEncoding = 4; lastKnownFileType = text.plist.xml; name = "GoogleService-Info.plist"; path = "../../../../../../Downloads/GoogleService-Info.plist"; sourceTree = "<group>"; };
		271D3851291B8F51003E73DF /* PlanOutfitsView.swift */ = {isa = PBXFileReference; lastKnownFileType = sourcecode.swift; path = PlanOutfitsView.swift; sourceTree = "<group>"; };
		271D3853291B8FA8003E73DF /* DailyOutfitController.swift */ = {isa = PBXFileReference; lastKnownFileType = sourcecode.swift; path = DailyOutfitController.swift; sourceTree = "<group>"; };
		2738AC2B2908B74200DE90CF /* UserRepository.swift */ = {isa = PBXFileReference; lastKnownFileType = sourcecode.swift; path = UserRepository.swift; sourceTree = "<group>"; };
		2738AC2E2908B7B800DE90CF /* User.swift */ = {isa = PBXFileReference; lastKnownFileType = sourcecode.swift; path = User.swift; sourceTree = "<group>"; };
		2738AC302908B83300DE90CF /* Item.swift */ = {isa = PBXFileReference; lastKnownFileType = sourcecode.swift; path = Item.swift; sourceTree = "<group>"; };
		2738AC322908B8DA00DE90CF /* Trip.swift */ = {isa = PBXFileReference; lastKnownFileType = sourcecode.swift; path = Trip.swift; sourceTree = "<group>"; };
		2738AC342908B8FA00DE90CF /* Outfit.swift */ = {isa = PBXFileReference; lastKnownFileType = sourcecode.swift; path = Outfit.swift; sourceTree = "<group>"; };
		2738AC362908B92400DE90CF /* Clothes.swift */ = {isa = PBXFileReference; lastKnownFileType = sourcecode.swift; path = Clothes.swift; sourceTree = "<group>"; };
		2738AC382908C05000DE90CF /* TripView.swift */ = {isa = PBXFileReference; lastKnownFileType = sourcecode.swift; path = TripView.swift; sourceTree = "<group>"; };
		2738AC3D2908E31E00DE90CF /* UserView.swift */ = {isa = PBXFileReference; lastKnownFileType = sourcecode.swift; path = UserView.swift; sourceTree = "<group>"; };
		2738AC3F2908EA5200DE90CF /* OutfitView.swift */ = {isa = PBXFileReference; lastKnownFileType = sourcecode.swift; path = OutfitView.swift; sourceTree = "<group>"; };
		2738AC412908EBB200DE90CF /* ClothesView.swift */ = {isa = PBXFileReference; lastKnownFileType = sourcecode.swift; path = ClothesView.swift; sourceTree = "<group>"; };
		2738AC452908ED9400DE90CF /* ItemView.swift */ = {isa = PBXFileReference; lastKnownFileType = sourcecode.swift; path = ItemView.swift; sourceTree = "<group>"; };
		27A1345A290F1A750082F3AA /* ItemController.swift */ = {isa = PBXFileReference; lastKnownFileType = sourcecode.swift; path = ItemController.swift; sourceTree = "<group>"; };
		27A1345C290F1B100082F3AA /* ListController.swift */ = {isa = PBXFileReference; lastKnownFileType = sourcecode.swift; path = ListController.swift; sourceTree = "<group>"; };
		27A1345E290F1B250082F3AA /* ClothesController.swift */ = {isa = PBXFileReference; lastKnownFileType = sourcecode.swift; path = ClothesController.swift; sourceTree = "<group>"; };
		27A13460290F1B430082F3AA /* TripController.swift */ = {isa = PBXFileReference; lastKnownFileType = sourcecode.swift; path = TripController.swift; sourceTree = "<group>"; };
		27A13462290F1B930082F3AA /* UserController.swift */ = {isa = PBXFileReference; lastKnownFileType = sourcecode.swift; path = UserController.swift; sourceTree = "<group>"; };
		27A13464290F3BF50082F3AA /* ClothesRepository.swift */ = {isa = PBXFileReference; lastKnownFileType = sourcecode.swift; path = ClothesRepository.swift; sourceTree = "<group>"; };
		27A13466290F3CAC0082F3AA /* ItemRepository.swift */ = {isa = PBXFileReference; lastKnownFileType = sourcecode.swift; path = ItemRepository.swift; sourceTree = "<group>"; };
		27A13468290F3CC30082F3AA /* TripRepository.swift */ = {isa = PBXFileReference; lastKnownFileType = sourcecode.swift; path = TripRepository.swift; sourceTree = "<group>"; };
		27A1346A290F3CCF0082F3AA /* ListRepository.swift */ = {isa = PBXFileReference; lastKnownFileType = sourcecode.swift; path = ListRepository.swift; sourceTree = "<group>"; };
		87ADF5D52918712E00748EFA /* CreationLocationView.swift */ = {isa = PBXFileReference; fileEncoding = 4; lastKnownFileType = sourcecode.swift; path = CreationLocationView.swift; sourceTree = "<group>"; };
		87ADF5D62918712E00748EFA /* CreationEndView.swift */ = {isa = PBXFileReference; fileEncoding = 4; lastKnownFileType = sourcecode.swift; path = CreationEndView.swift; sourceTree = "<group>"; };
		87ADF5D72918712E00748EFA /* CreationStartView.swift */ = {isa = PBXFileReference; fileEncoding = 4; lastKnownFileType = sourcecode.swift; path = CreationStartView.swift; sourceTree = "<group>"; };
		87ADF5DD291893EC00748EFA /* MainView.swift */ = {isa = PBXFileReference; lastKnownFileType = sourcecode.swift; path = MainView.swift; sourceTree = "<group>"; };
		87ADF5E2291B6CFD00748EFA /* UserAuth.swift */ = {isa = PBXFileReference; lastKnownFileType = sourcecode.swift; path = UserAuth.swift; sourceTree = "<group>"; };
		87ADF5E6291B7DBB00748EFA /* TripRowView.swift */ = {isa = PBXFileReference; lastKnownFileType = sourcecode.swift; path = TripRowView.swift; sourceTree = "<group>"; };
		87ADF5E8291C4F1E00748EFA /* ListBackground.swift */ = {isa = PBXFileReference; lastKnownFileType = sourcecode.swift; path = ListBackground.swift; sourceTree = "<group>"; };
		87D1664429185564003C0EDB /* GoogleService-Info.plist */ = {isa = PBXFileReference; fileEncoding = 4; lastKnownFileType = text.plist.xml; name = "GoogleService-Info.plist"; path = "../../../Project/GoogleService-Info.plist"; sourceTree = "<group>"; };

/* End PBXFileReference section */

/* Begin PBXFrameworksBuildPhase section */
		27139381290828B0007363E2 /* Frameworks */ = {
			isa = PBXFrameworksBuildPhase;
			buildActionMask = 2147483647;
			files = (
				271393972908299E007363E2 /* FirebaseFirestore in Frameworks */,
				271393992908299E007363E2 /* FirebaseFirestoreSwift in Frameworks */,
			);
			runOnlyForDeploymentPostprocessing = 0;
		};
/* End PBXFrameworksBuildPhase section */

/* Begin PBXGroup section */
		2713937B290828B0007363E2 = {
			isa = PBXGroup;
			children = (
				27139386290828B0007363E2 /* WeatherPacker */,
				27139385290828B0007363E2 /* Products */,
			);
			sourceTree = "<group>";
		};
		27139385290828B0007363E2 /* Products */ = {
			isa = PBXGroup;
			children = (
				27139384290828B0007363E2 /* WeatherPacker.app */,
			);
			name = Products;
			sourceTree = "<group>";
		};
		27139386290828B0007363E2 /* WeatherPacker */ = {
			isa = PBXGroup;
			children = (
				271D384F291B8F24003E73DF /* GoogleService-Info.plist */,
				87ADF5E1291B6C8400748EFA /* ViewModel */,
				27A13459290F12EC0082F3AA /* Controller */,
				2738AC2A2908B71900DE90CF /* DataRepositories */,
				2738AC292908B6ED00DE90CF /* View */,
				2738AC282908B6E200DE90CF /* Model */,
				2713939C29082C4B007363E2 /* GoogleService-Info.plist */,
				27139387290828B0007363E2 /* WeatherPackerApp.swift */,
				2713938B290828B1007363E2 /* Assets.xcassets */,
				2713938D290828B1007363E2 /* Preview Content */,
			);
			path = WeatherPacker;
			sourceTree = "<group>";
		};
		2713938D290828B1007363E2 /* Preview Content */ = {
			isa = PBXGroup;
			children = (
				2713938E290828B1007363E2 /* Preview Assets.xcassets */,
			);
			path = "Preview Content";
			sourceTree = "<group>";
		};
		2738AC282908B6E200DE90CF /* Model */ = {
			isa = PBXGroup;
			children = (
				2738AC2E2908B7B800DE90CF /* User.swift */,
				2738AC302908B83300DE90CF /* Item.swift */,
				2738AC322908B8DA00DE90CF /* Trip.swift */,
				2738AC342908B8FA00DE90CF /* Outfit.swift */,
				2738AC362908B92400DE90CF /* Clothes.swift */,
				270A47112915CF78002D46A2 /* TripCollection.swift */,
				270A47132915D3BD002D46A2 /* DailyOutfitCollection.swift */,
			);
			path = Model;
			sourceTree = "<group>";
		};
		2738AC292908B6ED00DE90CF /* View */ = {
			isa = PBXGroup;
			children = (
				87ADF5D62918712E00748EFA /* CreationEndView.swift */,
				87ADF5D52918712E00748EFA /* CreationLocationView.swift */,
				87ADF5D72918712E00748EFA /* CreationStartView.swift */,
				27139389290828B0007363E2 /* ContentView.swift */,
				2738AC382908C05000DE90CF /* TripView.swift */,
				2738AC3D2908E31E00DE90CF /* UserView.swift */,
				2738AC3F2908EA5200DE90CF /* OutfitView.swift */,
				2738AC412908EBB200DE90CF /* ClothesView.swift */,
				2738AC452908ED9400DE90CF /* ItemView.swift */,
				270A47192915DC7A002D46A2 /* DailyOutfitCollectionView.swift */,
				87ADF5DD291893EC00748EFA /* MainView.swift */,
				87ADF5E6291B7DBB00748EFA /* TripRowView.swift */,
				271D3851291B8F51003E73DF /* PlanOutfitsView.swift */,
			);
			path = View;
			sourceTree = "<group>";
		};
		2738AC2A2908B71900DE90CF /* DataRepositories */ = {
			isa = PBXGroup;
			children = (
				2738AC2B2908B74200DE90CF /* UserRepository.swift */,
				27A13464290F3BF50082F3AA /* ClothesRepository.swift */,
				27A13466290F3CAC0082F3AA /* ItemRepository.swift */,
				27A13468290F3CC30082F3AA /* TripRepository.swift */,
				27A1346A290F3CCF0082F3AA /* ListRepository.swift */,
				270A47152915D98E002D46A2 /* TripCollectionRepository.swift */,
				270A47172915DB8C002D46A2 /* DailyOutfitCollectionRepository.swift */,
			);
			path = DataRepositories;
			sourceTree = "<group>";
		};
		27A13459290F12EC0082F3AA /* Controller */ = {
			isa = PBXGroup;
			children = (
				27A1345A290F1A750082F3AA /* ItemController.swift */,
				27A1345C290F1B100082F3AA /* ListController.swift */,
				27A1345E290F1B250082F3AA /* ClothesController.swift */,
				27A13460290F1B430082F3AA /* TripController.swift */,
				27A13462290F1B930082F3AA /* UserController.swift */,
				271D3853291B8FA8003E73DF /* DailyOutfitController.swift */,
			);
			path = Controller;
			sourceTree = "<group>";
		};
		87ADF5E1291B6C8400748EFA /* ViewModel */ = {
			isa = PBXGroup;
			children = (
				271D384D291B8F0C003E73DF /* GoogleService-Info.plist */,
				87ADF5E2291B6CFD00748EFA /* UserAuth.swift */,
				87ADF5E8291C4F1E00748EFA /* ListBackground.swift */,
			);
			path = ViewModel;
			sourceTree = "<group>";
		};
/* End PBXGroup section */

/* Begin PBXNativeTarget section */
		27139383290828B0007363E2 /* WeatherPacker */ = {
			isa = PBXNativeTarget;
			buildConfigurationList = 27139392290828B1007363E2 /* Build configuration list for PBXNativeTarget "WeatherPacker" */;
			buildPhases = (
				27139380290828B0007363E2 /* Sources */,
				27139381290828B0007363E2 /* Frameworks */,
				27139382290828B0007363E2 /* Resources */,
			);
			buildRules = (
			);
			dependencies = (
			);
			name = WeatherPacker;
			packageProductDependencies = (
				271393962908299E007363E2 /* FirebaseFirestore */,
				271393982908299E007363E2 /* FirebaseFirestoreSwift */,
			);
			productName = WeatherPacker;
			productReference = 27139384290828B0007363E2 /* WeatherPacker.app */;
			productType = "com.apple.product-type.application";
		};
/* End PBXNativeTarget section */

/* Begin PBXProject section */
		2713937C290828B0007363E2 /* Project object */ = {
			isa = PBXProject;
			attributes = {
				BuildIndependentTargetsInParallel = 1;
				LastSwiftUpdateCheck = 1400;
				LastUpgradeCheck = 1400;
				TargetAttributes = {
					27139383290828B0007363E2 = {
						CreatedOnToolsVersion = 14.0.1;
					};
				};
			};
			buildConfigurationList = 2713937F290828B0007363E2 /* Build configuration list for PBXProject "WeatherPacker" */;
			compatibilityVersion = "Xcode 14.0";
			developmentRegion = en;
			hasScannedForEncodings = 0;
			knownRegions = (
				en,
				Base,
			);
			mainGroup = 2713937B290828B0007363E2;
			packageReferences = (
				271393952908299E007363E2 /* XCRemoteSwiftPackageReference "firebase-ios-sdk" */,
			);
			productRefGroup = 27139385290828B0007363E2 /* Products */;
			projectDirPath = "";
			projectRoot = "";
			targets = (
				27139383290828B0007363E2 /* WeatherPacker */,
			);
		};
/* End PBXProject section */

/* Begin PBXResourcesBuildPhase section */
		27139382290828B0007363E2 /* Resources */ = {
			isa = PBXResourcesBuildPhase;
			buildActionMask = 2147483647;
			files = (
				2713938F290828B1007363E2 /* Preview Assets.xcassets in Resources */,
				271D384E291B8F0C003E73DF /* GoogleService-Info.plist in Resources */,
				271D3850291B8F24003E73DF /* GoogleService-Info.plist in Resources */,
				2713938C290828B1007363E2 /* Assets.xcassets in Resources */,
			);
			runOnlyForDeploymentPostprocessing = 0;
		};
/* End PBXResourcesBuildPhase section */

/* Begin PBXSourcesBuildPhase section */
		27139380290828B0007363E2 /* Sources */ = {
			isa = PBXSourcesBuildPhase;
			buildActionMask = 2147483647;
			files = (
				27A13463290F1B930082F3AA /* UserController.swift in Sources */,
				27A1345B290F1A750082F3AA /* ItemController.swift in Sources */,
				270A47122915CF78002D46A2 /* TripCollection.swift in Sources */,
				2738AC392908C05000DE90CF /* TripView.swift in Sources */,
				270A471A2915DC7A002D46A2 /* DailyOutfitCollectionView.swift in Sources */,
				2738AC332908B8DA00DE90CF /* Trip.swift in Sources */,
				2738AC312908B83300DE90CF /* Item.swift in Sources */,
				270A47182915DB8C002D46A2 /* DailyOutfitCollectionRepository.swift in Sources */,
				87ADF5D92918712E00748EFA /* CreationEndView.swift in Sources */,
				2738AC372908B92400DE90CF /* Clothes.swift in Sources */,
				270A47162915D98E002D46A2 /* TripCollectionRepository.swift in Sources */,
				2738AC352908B8FA00DE90CF /* Outfit.swift in Sources */,
				271D3852291B8F51003E73DF /* PlanOutfitsView.swift in Sources */,
				2738AC422908EBB200DE90CF /* ClothesView.swift in Sources */,
				2738AC2F2908B7B800DE90CF /* User.swift in Sources */,
				87ADF5DA2918712E00748EFA /* CreationStartView.swift in Sources */,
				27A1345F290F1B250082F3AA /* ClothesController.swift in Sources */,
				2738AC2C2908B74200DE90CF /* UserRepository.swift in Sources */,
				27A13469290F3CC30082F3AA /* TripRepository.swift in Sources */,
				27A13465290F3BF50082F3AA /* ClothesRepository.swift in Sources */,
				2738AC3E2908E31E00DE90CF /* UserView.swift in Sources */,
				87ADF5E3291B6CFD00748EFA /* UserAuth.swift in Sources */,
				2738AC462908ED9400DE90CF /* ItemView.swift in Sources */,
				27A13467290F3CAC0082F3AA /* ItemRepository.swift in Sources */,
				27A13461290F1B430082F3AA /* TripController.swift in Sources */,
				27A1346B290F3CCF0082F3AA /* ListRepository.swift in Sources */,
				27A1345D290F1B100082F3AA /* ListController.swift in Sources */,
				270A47142915D3BD002D46A2 /* DailyOutfitCollection.swift in Sources */,
				87ADF5E9291C4F1E00748EFA /* ListBackground.swift in Sources */,
				2738AC402908EA5200DE90CF /* OutfitView.swift in Sources */,
				2713938A290828B0007363E2 /* ContentView.swift in Sources */,
				87ADF5DE291893EC00748EFA /* MainView.swift in Sources */,
				87ADF5E7291B7DBB00748EFA /* TripRowView.swift in Sources */,
				87ADF5D82918712E00748EFA /* CreationLocationView.swift in Sources */,
				27139388290828B0007363E2 /* WeatherPackerApp.swift in Sources */,
				271D3854291B8FA8003E73DF /* DailyOutfitController.swift in Sources */,
			);
			runOnlyForDeploymentPostprocessing = 0;
		};
/* End PBXSourcesBuildPhase section */

/* Begin XCBuildConfiguration section */
		27139390290828B1007363E2 /* Debug */ = {
			isa = XCBuildConfiguration;
			buildSettings = {
				ALWAYS_SEARCH_USER_PATHS = NO;
				CLANG_ANALYZER_NONNULL = YES;
				CLANG_ANALYZER_NUMBER_OBJECT_CONVERSION = YES_AGGRESSIVE;
				CLANG_CXX_LANGUAGE_STANDARD = "gnu++20";
				CLANG_ENABLE_MODULES = YES;
				CLANG_ENABLE_OBJC_ARC = YES;
				CLANG_ENABLE_OBJC_WEAK = YES;
				CLANG_WARN_BLOCK_CAPTURE_AUTORELEASING = YES;
				CLANG_WARN_BOOL_CONVERSION = YES;
				CLANG_WARN_COMMA = YES;
				CLANG_WARN_CONSTANT_CONVERSION = YES;
				CLANG_WARN_DEPRECATED_OBJC_IMPLEMENTATIONS = YES;
				CLANG_WARN_DIRECT_OBJC_ISA_USAGE = YES_ERROR;
				CLANG_WARN_DOCUMENTATION_COMMENTS = YES;
				CLANG_WARN_EMPTY_BODY = YES;
				CLANG_WARN_ENUM_CONVERSION = YES;
				CLANG_WARN_INFINITE_RECURSION = YES;
				CLANG_WARN_INT_CONVERSION = YES;
				CLANG_WARN_NON_LITERAL_NULL_CONVERSION = YES;
				CLANG_WARN_OBJC_IMPLICIT_RETAIN_SELF = YES;
				CLANG_WARN_OBJC_LITERAL_CONVERSION = YES;
				CLANG_WARN_OBJC_ROOT_CLASS = YES_ERROR;
				CLANG_WARN_QUOTED_INCLUDE_IN_FRAMEWORK_HEADER = YES;
				CLANG_WARN_RANGE_LOOP_ANALYSIS = YES;
				CLANG_WARN_STRICT_PROTOTYPES = YES;
				CLANG_WARN_SUSPICIOUS_MOVE = YES;
				CLANG_WARN_UNGUARDED_AVAILABILITY = YES_AGGRESSIVE;
				CLANG_WARN_UNREACHABLE_CODE = YES;
				CLANG_WARN__DUPLICATE_METHOD_MATCH = YES;
				COPY_PHASE_STRIP = NO;
				DEBUG_INFORMATION_FORMAT = dwarf;
				ENABLE_STRICT_OBJC_MSGSEND = YES;
				ENABLE_TESTABILITY = YES;
				GCC_C_LANGUAGE_STANDARD = gnu11;
				GCC_DYNAMIC_NO_PIC = NO;
				GCC_NO_COMMON_BLOCKS = YES;
				GCC_OPTIMIZATION_LEVEL = 0;
				GCC_PREPROCESSOR_DEFINITIONS = (
					"DEBUG=1",
					"$(inherited)",
				);
				GCC_WARN_64_TO_32_BIT_CONVERSION = YES;
				GCC_WARN_ABOUT_RETURN_TYPE = YES_ERROR;
				GCC_WARN_UNDECLARED_SELECTOR = YES;
				GCC_WARN_UNINITIALIZED_AUTOS = YES_AGGRESSIVE;
				GCC_WARN_UNUSED_FUNCTION = YES;
				GCC_WARN_UNUSED_VARIABLE = YES;
				IPHONEOS_DEPLOYMENT_TARGET = 16.0;
				MTL_ENABLE_DEBUG_INFO = INCLUDE_SOURCE;
				MTL_FAST_MATH = YES;
				ONLY_ACTIVE_ARCH = YES;
				SDKROOT = iphoneos;
				SWIFT_ACTIVE_COMPILATION_CONDITIONS = DEBUG;
				SWIFT_OPTIMIZATION_LEVEL = "-Onone";
			};
			name = Debug;
		};
		27139391290828B1007363E2 /* Release */ = {
			isa = XCBuildConfiguration;
			buildSettings = {
				ALWAYS_SEARCH_USER_PATHS = NO;
				CLANG_ANALYZER_NONNULL = YES;
				CLANG_ANALYZER_NUMBER_OBJECT_CONVERSION = YES_AGGRESSIVE;
				CLANG_CXX_LANGUAGE_STANDARD = "gnu++20";
				CLANG_ENABLE_MODULES = YES;
				CLANG_ENABLE_OBJC_ARC = YES;
				CLANG_ENABLE_OBJC_WEAK = YES;
				CLANG_WARN_BLOCK_CAPTURE_AUTORELEASING = YES;
				CLANG_WARN_BOOL_CONVERSION = YES;
				CLANG_WARN_COMMA = YES;
				CLANG_WARN_CONSTANT_CONVERSION = YES;
				CLANG_WARN_DEPRECATED_OBJC_IMPLEMENTATIONS = YES;
				CLANG_WARN_DIRECT_OBJC_ISA_USAGE = YES_ERROR;
				CLANG_WARN_DOCUMENTATION_COMMENTS = YES;
				CLANG_WARN_EMPTY_BODY = YES;
				CLANG_WARN_ENUM_CONVERSION = YES;
				CLANG_WARN_INFINITE_RECURSION = YES;
				CLANG_WARN_INT_CONVERSION = YES;
				CLANG_WARN_NON_LITERAL_NULL_CONVERSION = YES;
				CLANG_WARN_OBJC_IMPLICIT_RETAIN_SELF = YES;
				CLANG_WARN_OBJC_LITERAL_CONVERSION = YES;
				CLANG_WARN_OBJC_ROOT_CLASS = YES_ERROR;
				CLANG_WARN_QUOTED_INCLUDE_IN_FRAMEWORK_HEADER = YES;
				CLANG_WARN_RANGE_LOOP_ANALYSIS = YES;
				CLANG_WARN_STRICT_PROTOTYPES = YES;
				CLANG_WARN_SUSPICIOUS_MOVE = YES;
				CLANG_WARN_UNGUARDED_AVAILABILITY = YES_AGGRESSIVE;
				CLANG_WARN_UNREACHABLE_CODE = YES;
				CLANG_WARN__DUPLICATE_METHOD_MATCH = YES;
				COPY_PHASE_STRIP = NO;
				DEBUG_INFORMATION_FORMAT = "dwarf-with-dsym";
				ENABLE_NS_ASSERTIONS = NO;
				ENABLE_STRICT_OBJC_MSGSEND = YES;
				GCC_C_LANGUAGE_STANDARD = gnu11;
				GCC_NO_COMMON_BLOCKS = YES;
				GCC_WARN_64_TO_32_BIT_CONVERSION = YES;
				GCC_WARN_ABOUT_RETURN_TYPE = YES_ERROR;
				GCC_WARN_UNDECLARED_SELECTOR = YES;
				GCC_WARN_UNINITIALIZED_AUTOS = YES_AGGRESSIVE;
				GCC_WARN_UNUSED_FUNCTION = YES;
				GCC_WARN_UNUSED_VARIABLE = YES;
				IPHONEOS_DEPLOYMENT_TARGET = 16.0;
				MTL_ENABLE_DEBUG_INFO = NO;
				MTL_FAST_MATH = YES;
				SDKROOT = iphoneos;
				SWIFT_COMPILATION_MODE = wholemodule;
				SWIFT_OPTIMIZATION_LEVEL = "-O";
				VALIDATE_PRODUCT = YES;
			};
			name = Release;
		};
		27139393290828B1007363E2 /* Debug */ = {
			isa = XCBuildConfiguration;
			buildSettings = {
				ASSETCATALOG_COMPILER_APPICON_NAME = AppIcon;
				ASSETCATALOG_COMPILER_GLOBAL_ACCENT_COLOR_NAME = AccentColor;
				CODE_SIGN_STYLE = Automatic;
				CURRENT_PROJECT_VERSION = 1;
				DEVELOPMENT_ASSET_PATHS = "\"WeatherPacker/Preview Content\"";
				ENABLE_PREVIEWS = YES;
				GENERATE_INFOPLIST_FILE = YES;
				INFOPLIST_KEY_UIApplicationSceneManifest_Generation = YES;
				INFOPLIST_KEY_UIApplicationSupportsIndirectInputEvents = YES;
				INFOPLIST_KEY_UILaunchScreen_Generation = YES;
				INFOPLIST_KEY_UISupportedInterfaceOrientations_iPad = "UIInterfaceOrientationPortrait UIInterfaceOrientationPortraitUpsideDown UIInterfaceOrientationLandscapeLeft UIInterfaceOrientationLandscapeRight";
				INFOPLIST_KEY_UISupportedInterfaceOrientations_iPhone = "UIInterfaceOrientationPortrait UIInterfaceOrientationLandscapeLeft UIInterfaceOrientationLandscapeRight";
				LD_RUNPATH_SEARCH_PATHS = (
					"$(inherited)",
					"@executable_path/Frameworks",
				);
				MARKETING_VERSION = 1.0;
				PRODUCT_BUNDLE_IDENTIFIER = cmu.edu.f22.WeatherPacker;
				PRODUCT_NAME = "$(TARGET_NAME)";
				SWIFT_EMIT_LOC_STRINGS = YES;
				SWIFT_VERSION = 5.0;
				TARGETED_DEVICE_FAMILY = "1,2";
			};
			name = Debug;
		};
		27139394290828B1007363E2 /* Release */ = {
			isa = XCBuildConfiguration;
			buildSettings = {
				ASSETCATALOG_COMPILER_APPICON_NAME = AppIcon;
				ASSETCATALOG_COMPILER_GLOBAL_ACCENT_COLOR_NAME = AccentColor;
				CODE_SIGN_STYLE = Automatic;
				CURRENT_PROJECT_VERSION = 1;
				DEVELOPMENT_ASSET_PATHS = "\"WeatherPacker/Preview Content\"";
				ENABLE_PREVIEWS = YES;
				GENERATE_INFOPLIST_FILE = YES;
				INFOPLIST_KEY_UIApplicationSceneManifest_Generation = YES;
				INFOPLIST_KEY_UIApplicationSupportsIndirectInputEvents = YES;
				INFOPLIST_KEY_UILaunchScreen_Generation = YES;
				INFOPLIST_KEY_UISupportedInterfaceOrientations_iPad = "UIInterfaceOrientationPortrait UIInterfaceOrientationPortraitUpsideDown UIInterfaceOrientationLandscapeLeft UIInterfaceOrientationLandscapeRight";
				INFOPLIST_KEY_UISupportedInterfaceOrientations_iPhone = "UIInterfaceOrientationPortrait UIInterfaceOrientationLandscapeLeft UIInterfaceOrientationLandscapeRight";
				LD_RUNPATH_SEARCH_PATHS = (
					"$(inherited)",
					"@executable_path/Frameworks",
				);
				MARKETING_VERSION = 1.0;
				PRODUCT_BUNDLE_IDENTIFIER = cmu.edu.f22.WeatherPacker;
				PRODUCT_NAME = "$(TARGET_NAME)";
				SWIFT_EMIT_LOC_STRINGS = YES;
				SWIFT_VERSION = 5.0;
				TARGETED_DEVICE_FAMILY = "1,2";
			};
			name = Release;
		};
/* End XCBuildConfiguration section */

/* Begin XCConfigurationList section */
		2713937F290828B0007363E2 /* Build configuration list for PBXProject "WeatherPacker" */ = {
			isa = XCConfigurationList;
			buildConfigurations = (
				27139390290828B1007363E2 /* Debug */,
				27139391290828B1007363E2 /* Release */,
			);
			defaultConfigurationIsVisible = 0;
			defaultConfigurationName = Release;
		};
		27139392290828B1007363E2 /* Build configuration list for PBXNativeTarget "WeatherPacker" */ = {
			isa = XCConfigurationList;
			buildConfigurations = (
				27139393290828B1007363E2 /* Debug */,
				27139394290828B1007363E2 /* Release */,
			);
			defaultConfigurationIsVisible = 0;
			defaultConfigurationName = Release;
		};
/* End XCConfigurationList section */

/* Begin XCRemoteSwiftPackageReference section */
		271393952908299E007363E2 /* XCRemoteSwiftPackageReference "firebase-ios-sdk" */ = {
			isa = XCRemoteSwiftPackageReference;
			repositoryURL = "https://github.com/firebase/firebase-ios-sdk.git";
			requirement = {
				kind = upToNextMajorVersion;
				minimumVersion = 9.0.0;
			};
		};
/* End XCRemoteSwiftPackageReference section */

/* Begin XCSwiftPackageProductDependency section */
		271393962908299E007363E2 /* FirebaseFirestore */ = {
			isa = XCSwiftPackageProductDependency;
			package = 271393952908299E007363E2 /* XCRemoteSwiftPackageReference "firebase-ios-sdk" */;
			productName = FirebaseFirestore;
		};
		271393982908299E007363E2 /* FirebaseFirestoreSwift */ = {
			isa = XCSwiftPackageProductDependency;
			package = 271393952908299E007363E2 /* XCRemoteSwiftPackageReference "firebase-ios-sdk" */;
			productName = FirebaseFirestoreSwift;
		};
/* End XCSwiftPackageProductDependency section */
	};
	rootObject = 2713937C290828B0007363E2 /* Project object */;
}
