// !$*UTF8*$!
{
	archiveVersion = 1;
	classes = {
	};
	objectVersion = 56;
	objects = {

/* Begin PBXBuildFile section */
		270A47122915CF78002D46A2 /* TripCollection.swift in Sources */ = {isa = PBXBuildFile; fileRef = 270A47112915CF78002D46A2 /* TripCollection.swift */; };
		270A47162915D98E002D46A2 /* TripCollectionRepository.swift in Sources */ = {isa = PBXBuildFile; fileRef = 270A47152915D98E002D46A2 /* TripCollectionRepository.swift */; };
		270A471A2915DC7A002D46A2 /* PackerView.swift in Sources */ = {isa = PBXBuildFile; fileRef = 270A47192915DC7A002D46A2 /* PackerView.swift */; };
		27139388290828B0007363E2 /* BuckleUpApp.swift in Sources */ = {isa = PBXBuildFile; fileRef = 27139387290828B0007363E2 /* BuckleUpApp.swift */; };
		2713938C290828B1007363E2 /* Assets.xcassets in Resources */ = {isa = PBXBuildFile; fileRef = 2713938B290828B1007363E2 /* Assets.xcassets */; };
		2713938F290828B1007363E2 /* Preview Assets.xcassets in Resources */ = {isa = PBXBuildFile; fileRef = 2713938E290828B1007363E2 /* Preview Assets.xcassets */; };
		271393972908299E007363E2 /* FirebaseFirestore in Frameworks */ = {isa = PBXBuildFile; productRef = 271393962908299E007363E2 /* FirebaseFirestore */; };
		271393992908299E007363E2 /* FirebaseFirestoreSwift in Frameworks */ = {isa = PBXBuildFile; productRef = 271393982908299E007363E2 /* FirebaseFirestoreSwift */; };
		271A7C662942998A00D41FE3 /* SignUpView.swift in Sources */ = {isa = PBXBuildFile; fileRef = 271A7C652942998A00D41FE3 /* SignUpView.swift */; };
		271A7C68294299BD00D41FE3 /* LoginView.swift in Sources */ = {isa = PBXBuildFile; fileRef = 271A7C67294299BD00D41FE3 /* LoginView.swift */; };
		271A7C702942D29100D41FE3 /* BuckleUpTests.swift in Sources */ = {isa = PBXBuildFile; fileRef = 271A7C6F2942D29100D41FE3 /* BuckleUpTests.swift */; };
		271A7C792942D75D00D41FE3 /* ItemTest.swift in Sources */ = {isa = PBXBuildFile; fileRef = 271A7C782942D75D00D41FE3 /* ItemTest.swift */; };
		271A7C7B2942D79A00D41FE3 /* MockData.swift in Sources */ = {isa = PBXBuildFile; fileRef = 271A7C7A2942D79A00D41FE3 /* MockData.swift */; };
		271A7C7D2942E87300D41FE3 /* TripTest.swift in Sources */ = {isa = PBXBuildFile; fileRef = 271A7C7C2942E87300D41FE3 /* TripTest.swift */; };
		271A7C822942EBA700D41FE3 /* FirebaseFirestore in Frameworks */ = {isa = PBXBuildFile; productRef = 271A7C812942EBA700D41FE3 /* FirebaseFirestore */; };
		271D3852291B8F51003E73DF /* PlanOutfitsView.swift in Sources */ = {isa = PBXBuildFile; fileRef = 271D3851291B8F51003E73DF /* PlanOutfitsView.swift */; };
		27362FC72941935C0013D550 /* CircleProgressView.swift in Sources */ = {isa = PBXBuildFile; fileRef = 27362FC62941935C0013D550 /* CircleProgressView.swift */; };
		2738AC2C2908B74200DE90CF /* UserRepository.swift in Sources */ = {isa = PBXBuildFile; fileRef = 2738AC2B2908B74200DE90CF /* UserRepository.swift */; };
		2738AC2F2908B7B800DE90CF /* User.swift in Sources */ = {isa = PBXBuildFile; fileRef = 2738AC2E2908B7B800DE90CF /* User.swift */; };
		2738AC312908B83300DE90CF /* Item.swift in Sources */ = {isa = PBXBuildFile; fileRef = 2738AC302908B83300DE90CF /* Item.swift */; };
		2738AC332908B8DA00DE90CF /* Trip.swift in Sources */ = {isa = PBXBuildFile; fileRef = 2738AC322908B8DA00DE90CF /* Trip.swift */; };
		27621951293CEEDC00A966E8 /* GoogleService-Info.plist in Resources */ = {isa = PBXBuildFile; fileRef = 27621950293CEEDC00A966E8 /* GoogleService-Info.plist */; };
		27621953293CFAD900A966E8 /* DailyPackerItemView.swift in Sources */ = {isa = PBXBuildFile; fileRef = 27621952293CFAD900A966E8 /* DailyPackerItemView.swift */; };
		27621955293D413300A966E8 /* EditingMode.swift in Sources */ = {isa = PBXBuildFile; fileRef = 27621954293D413300A966E8 /* EditingMode.swift */; };
		27A1345F290F1B250082F3AA /* ClothesController.swift in Sources */ = {isa = PBXBuildFile; fileRef = 27A1345E290F1B250082F3AA /* ClothesController.swift */; };
		27A13461290F1B430082F3AA /* TripController.swift in Sources */ = {isa = PBXBuildFile; fileRef = 27A13460290F1B430082F3AA /* TripController.swift */; };
		27D6EDB5291C318D00DF6C59 /* ChecklistView.swift in Sources */ = {isa = PBXBuildFile; fileRef = 27D6EDB4291C318D00DF6C59 /* ChecklistView.swift */; };
		87520B2629381EF500C16D98 /* Packer.swift in Sources */ = {isa = PBXBuildFile; fileRef = 87520B2529381EF500C16D98 /* Packer.swift */; };
		87520B2829381FAC00C16D98 /* DailyPacker.swift in Sources */ = {isa = PBXBuildFile; fileRef = 87520B2729381FAC00C16D98 /* DailyPacker.swift */; };
		87520B2C293821AB00C16D98 /* PackerRepository.swift in Sources */ = {isa = PBXBuildFile; fileRef = 87520B2B293821AB00C16D98 /* PackerRepository.swift */; };
		8763E6E5293ED6BA00D1C492 /* CheckListRowView.swift in Sources */ = {isa = PBXBuildFile; fileRef = 8763E6E4293ED6BA00D1C492 /* CheckListRowView.swift */; };
		87ADF5DE291893EC00748EFA /* MainView.swift in Sources */ = {isa = PBXBuildFile; fileRef = 87ADF5DD291893EC00748EFA /* MainView.swift */; };
		87ADF5E3291B6CFD00748EFA /* UserAuth.swift in Sources */ = {isa = PBXBuildFile; fileRef = 87ADF5E2291B6CFD00748EFA /* UserAuth.swift */; };
		87ADF5E7291B7DBB00748EFA /* TripRowView.swift in Sources */ = {isa = PBXBuildFile; fileRef = 87ADF5E6291B7DBB00748EFA /* TripRowView.swift */; };
		87ADF5E9291C4F1E00748EFA /* ListBackground.swift in Sources */ = {isa = PBXBuildFile; fileRef = 87ADF5E8291C4F1E00748EFA /* ListBackground.swift */; };
/* End PBXBuildFile section */

/* Begin PBXContainerItemProxy section */
		271A7C712942D29100D41FE3 /* PBXContainerItemProxy */ = {
			isa = PBXContainerItemProxy;
			containerPortal = 2713937C290828B0007363E2 /* Project object */;
			proxyType = 1;
			remoteGlobalIDString = 27139383290828B0007363E2;
			remoteInfo = BuckleUp;
		};
/* End PBXContainerItemProxy section */

/* Begin PBXFileReference section */
		270A47112915CF78002D46A2 /* TripCollection.swift */ = {isa = PBXFileReference; lastKnownFileType = sourcecode.swift; path = TripCollection.swift; sourceTree = "<group>"; };
		270A47152915D98E002D46A2 /* TripCollectionRepository.swift */ = {isa = PBXFileReference; lastKnownFileType = sourcecode.swift; path = TripCollectionRepository.swift; sourceTree = "<group>"; };
		270A47192915DC7A002D46A2 /* PackerView.swift */ = {isa = PBXFileReference; lastKnownFileType = sourcecode.swift; path = PackerView.swift; sourceTree = "<group>"; };
		27139384290828B0007363E2 /* BuckleUp.app */ = {isa = PBXFileReference; explicitFileType = wrapper.application; includeInIndex = 0; path = BuckleUp.app; sourceTree = BUILT_PRODUCTS_DIR; };
		27139387290828B0007363E2 /* BuckleUpApp.swift */ = {isa = PBXFileReference; lastKnownFileType = sourcecode.swift; path = BuckleUpApp.swift; sourceTree = "<group>"; };
		2713938B290828B1007363E2 /* Assets.xcassets */ = {isa = PBXFileReference; lastKnownFileType = folder.assetcatalog; path = Assets.xcassets; sourceTree = "<group>"; };
		2713938E290828B1007363E2 /* Preview Assets.xcassets */ = {isa = PBXFileReference; lastKnownFileType = folder.assetcatalog; path = "Preview Assets.xcassets"; sourceTree = "<group>"; };
		271A7C652942998A00D41FE3 /* SignUpView.swift */ = {isa = PBXFileReference; lastKnownFileType = sourcecode.swift; path = SignUpView.swift; sourceTree = "<group>"; };
		271A7C67294299BD00D41FE3 /* LoginView.swift */ = {isa = PBXFileReference; lastKnownFileType = sourcecode.swift; path = LoginView.swift; sourceTree = "<group>"; };
		271A7C6D2942D29100D41FE3 /* BuckleUpTests.xctest */ = {isa = PBXFileReference; explicitFileType = wrapper.cfbundle; includeInIndex = 0; path = BuckleUpTests.xctest; sourceTree = BUILT_PRODUCTS_DIR; };
		271A7C6F2942D29100D41FE3 /* BuckleUpTests.swift */ = {isa = PBXFileReference; lastKnownFileType = sourcecode.swift; path = BuckleUpTests.swift; sourceTree = "<group>"; };
		271A7C782942D75D00D41FE3 /* ItemTest.swift */ = {isa = PBXFileReference; lastKnownFileType = sourcecode.swift; path = ItemTest.swift; sourceTree = "<group>"; };
		271A7C7A2942D79A00D41FE3 /* MockData.swift */ = {isa = PBXFileReference; lastKnownFileType = sourcecode.swift; path = MockData.swift; sourceTree = "<group>"; };
		271A7C7C2942E87300D41FE3 /* TripTest.swift */ = {isa = PBXFileReference; lastKnownFileType = sourcecode.swift; path = TripTest.swift; sourceTree = "<group>"; };
		271D3851291B8F51003E73DF /* PlanOutfitsView.swift */ = {isa = PBXFileReference; lastKnownFileType = sourcecode.swift; path = PlanOutfitsView.swift; sourceTree = "<group>"; };
		27362FC62941935C0013D550 /* CircleProgressView.swift */ = {isa = PBXFileReference; fileEncoding = 4; lastKnownFileType = sourcecode.swift; path = CircleProgressView.swift; sourceTree = "<group>"; };
		2738AC2B2908B74200DE90CF /* UserRepository.swift */ = {isa = PBXFileReference; lastKnownFileType = sourcecode.swift; path = UserRepository.swift; sourceTree = "<group>"; };
		2738AC2E2908B7B800DE90CF /* User.swift */ = {isa = PBXFileReference; lastKnownFileType = sourcecode.swift; path = User.swift; sourceTree = "<group>"; };
		2738AC302908B83300DE90CF /* Item.swift */ = {isa = PBXFileReference; lastKnownFileType = sourcecode.swift; path = Item.swift; sourceTree = "<group>"; };
		2738AC322908B8DA00DE90CF /* Trip.swift */ = {isa = PBXFileReference; lastKnownFileType = sourcecode.swift; path = Trip.swift; sourceTree = "<group>"; };
		27621950293CEEDC00A966E8 /* GoogleService-Info.plist */ = {isa = PBXFileReference; fileEncoding = 4; lastKnownFileType = text.plist.xml; path = "GoogleService-Info.plist"; sourceTree = "<group>"; };
		27621952293CFAD900A966E8 /* DailyPackerItemView.swift */ = {isa = PBXFileReference; lastKnownFileType = sourcecode.swift; path = DailyPackerItemView.swift; sourceTree = "<group>"; };
		27621954293D413300A966E8 /* EditingMode.swift */ = {isa = PBXFileReference; lastKnownFileType = sourcecode.swift; path = EditingMode.swift; sourceTree = "<group>"; };
		27A1345E290F1B250082F3AA /* ClothesController.swift */ = {isa = PBXFileReference; lastKnownFileType = sourcecode.swift; path = ClothesController.swift; sourceTree = "<group>"; };
		27A13460290F1B430082F3AA /* TripController.swift */ = {isa = PBXFileReference; lastKnownFileType = sourcecode.swift; path = TripController.swift; sourceTree = "<group>"; };
		27D6EDB4291C318D00DF6C59 /* ChecklistView.swift */ = {isa = PBXFileReference; lastKnownFileType = sourcecode.swift; path = ChecklistView.swift; sourceTree = "<group>"; };
		87520B2529381EF500C16D98 /* Packer.swift */ = {isa = PBXFileReference; lastKnownFileType = sourcecode.swift; path = Packer.swift; sourceTree = "<group>"; };
		87520B2729381FAC00C16D98 /* DailyPacker.swift */ = {isa = PBXFileReference; lastKnownFileType = sourcecode.swift; path = DailyPacker.swift; sourceTree = "<group>"; };
		87520B2B293821AB00C16D98 /* PackerRepository.swift */ = {isa = PBXFileReference; lastKnownFileType = sourcecode.swift; path = PackerRepository.swift; sourceTree = "<group>"; };
		8763E6E4293ED6BA00D1C492 /* CheckListRowView.swift */ = {isa = PBXFileReference; lastKnownFileType = sourcecode.swift; path = CheckListRowView.swift; sourceTree = "<group>"; };
		87ADF5DD291893EC00748EFA /* MainView.swift */ = {isa = PBXFileReference; lastKnownFileType = sourcecode.swift; path = MainView.swift; sourceTree = "<group>"; };
		87ADF5E2291B6CFD00748EFA /* UserAuth.swift */ = {isa = PBXFileReference; lastKnownFileType = sourcecode.swift; path = UserAuth.swift; sourceTree = "<group>"; };
		87ADF5E6291B7DBB00748EFA /* TripRowView.swift */ = {isa = PBXFileReference; lastKnownFileType = sourcecode.swift; path = TripRowView.swift; sourceTree = "<group>"; };
		87ADF5E8291C4F1E00748EFA /* ListBackground.swift */ = {isa = PBXFileReference; lastKnownFileType = sourcecode.swift; path = ListBackground.swift; sourceTree = "<group>"; };
/* End PBXFileReference section */

/* Begin PBXFrameworksBuildPhase section */
		27139381290828B0007363E2 /* Frameworks */ = {
			isa = PBXFrameworksBuildPhase;
			buildActionMask = 2147483647;
			files = (
				271393972908299E007363E2 /* FirebaseFirestore in Frameworks */,
				271393992908299E007363E2 /* FirebaseFirestoreSwift in Frameworks */,
			);
			runOnlyForDeploymentPostprocessing = 0;
		};
		271A7C6A2942D29100D41FE3 /* Frameworks */ = {
			isa = PBXFrameworksBuildPhase;
			buildActionMask = 2147483647;
			files = (
				271A7C822942EBA700D41FE3 /* FirebaseFirestore in Frameworks */,
			);
			runOnlyForDeploymentPostprocessing = 0;
		};
/* End PBXFrameworksBuildPhase section */

/* Begin PBXGroup section */
		2713937B290828B0007363E2 = {
			isa = PBXGroup;
			children = (
				27139386290828B0007363E2 /* BuckleUp */,
				271A7C6E2942D29100D41FE3 /* BuckleUpTests */,
				27139385290828B0007363E2 /* Products */,
				271A7C802942EBA700D41FE3 /* Frameworks */,
			);
			sourceTree = "<group>";
		};
		27139385290828B0007363E2 /* Products */ = {
			isa = PBXGroup;
			children = (
				27139384290828B0007363E2 /* BuckleUp.app */,
				271A7C6D2942D29100D41FE3 /* BuckleUpTests.xctest */,
			);
			name = Products;
			sourceTree = "<group>";
		};
		27139386290828B0007363E2 /* BuckleUp */ = {
			isa = PBXGroup;
			children = (
				27621950293CEEDC00A966E8 /* GoogleService-Info.plist */,
				87ADF5E1291B6C8400748EFA /* ViewModel */,
				27A13459290F12EC0082F3AA /* Controller */,
				2738AC2A2908B71900DE90CF /* DataRepositories */,
				2738AC292908B6ED00DE90CF /* View */,
				2738AC282908B6E200DE90CF /* Model */,
				27139387290828B0007363E2 /* BuckleUpApp.swift */,
				2713938B290828B1007363E2 /* Assets.xcassets */,
				2713938D290828B1007363E2 /* Preview Content */,
			);
			path = BuckleUp;
			sourceTree = "<group>";
		};
		2713938D290828B1007363E2 /* Preview Content */ = {
			isa = PBXGroup;
			children = (
				2713938E290828B1007363E2 /* Preview Assets.xcassets */,
			);
			path = "Preview Content";
			sourceTree = "<group>";
		};
		271A7C6E2942D29100D41FE3 /* BuckleUpTests */ = {
			isa = PBXGroup;
			children = (
				271A7C6F2942D29100D41FE3 /* BuckleUpTests.swift */,
				271A7C782942D75D00D41FE3 /* ItemTest.swift */,
				271A7C7A2942D79A00D41FE3 /* MockData.swift */,
				271A7C7C2942E87300D41FE3 /* TripTest.swift */,
			);
			path = BuckleUpTests;
			sourceTree = "<group>";
		};
		271A7C802942EBA700D41FE3 /* Frameworks */ = {
			isa = PBXGroup;
			children = (
			);
			name = Frameworks;
			sourceTree = "<group>";
		};
		2738AC282908B6E200DE90CF /* Model */ = {
			isa = PBXGroup;
			children = (
				2738AC2E2908B7B800DE90CF /* User.swift */,
				2738AC302908B83300DE90CF /* Item.swift */,
				2738AC322908B8DA00DE90CF /* Trip.swift */,
				270A47112915CF78002D46A2 /* TripCollection.swift */,
				87520B2529381EF500C16D98 /* Packer.swift */,
				87520B2729381FAC00C16D98 /* DailyPacker.swift */,
			);
			path = Model;
			sourceTree = "<group>";
		};
		2738AC292908B6ED00DE90CF /* View */ = {
			isa = PBXGroup;
			children = (
				27362FC62941935C0013D550 /* CircleProgressView.swift */,
				270A47192915DC7A002D46A2 /* PackerView.swift */,
				87ADF5DD291893EC00748EFA /* MainView.swift */,
				87ADF5E6291B7DBB00748EFA /* TripRowView.swift */,
				271D3851291B8F51003E73DF /* PlanOutfitsView.swift */,
				27D6EDB4291C318D00DF6C59 /* ChecklistView.swift */,
				27621952293CFAD900A966E8 /* DailyPackerItemView.swift */,
				8763E6E4293ED6BA00D1C492 /* CheckListRowView.swift */,
				271A7C652942998A00D41FE3 /* SignUpView.swift */,
				271A7C67294299BD00D41FE3 /* LoginView.swift */,
			);
			path = View;
			sourceTree = "<group>";
		};
		2738AC2A2908B71900DE90CF /* DataRepositories */ = {
			isa = PBXGroup;
			children = (
				2738AC2B2908B74200DE90CF /* UserRepository.swift */,
				270A47152915D98E002D46A2 /* TripCollectionRepository.swift */,
				87520B2B293821AB00C16D98 /* PackerRepository.swift */,
			);
			path = DataRepositories;
			sourceTree = "<group>";
		};
		27A13459290F12EC0082F3AA /* Controller */ = {
			isa = PBXGroup;
			children = (
				27A1345E290F1B250082F3AA /* ClothesController.swift */,
				27A13460290F1B430082F3AA /* TripController.swift */,
			);
			path = Controller;
			sourceTree = "<group>";
		};
		87ADF5E1291B6C8400748EFA /* ViewModel */ = {
			isa = PBXGroup;
			children = (
				87ADF5E2291B6CFD00748EFA /* UserAuth.swift */,
				87ADF5E8291C4F1E00748EFA /* ListBackground.swift */,
				27621954293D413300A966E8 /* EditingMode.swift */,
			);
			path = ViewModel;
			sourceTree = "<group>";
		};
/* End PBXGroup section */

/* Begin PBXNativeTarget section */
		27139383290828B0007363E2 /* BuckleUp */ = {
			isa = PBXNativeTarget;
			buildConfigurationList = 27139392290828B1007363E2 /* Build configuration list for PBXNativeTarget "BuckleUp" */;
			buildPhases = (
				27139380290828B0007363E2 /* Sources */,
				27139381290828B0007363E2 /* Frameworks */,
				27139382290828B0007363E2 /* Resources */,
			);
			buildRules = (
			);
			dependencies = (
			);
			name = BuckleUp;
			packageProductDependencies = (
				271393962908299E007363E2 /* FirebaseFirestore */,
				271393982908299E007363E2 /* FirebaseFirestoreSwift */,
			);
			productName = WeatherPacker;
			productReference = 27139384290828B0007363E2 /* BuckleUp.app */;
			productType = "com.apple.product-type.application";
		};
		271A7C6C2942D29100D41FE3 /* BuckleUpTests */ = {
			isa = PBXNativeTarget;
			buildConfigurationList = 271A7C732942D29100D41FE3 /* Build configuration list for PBXNativeTarget "BuckleUpTests" */;
			buildPhases = (
				271A7C692942D29100D41FE3 /* Sources */,
				271A7C6A2942D29100D41FE3 /* Frameworks */,
				271A7C6B2942D29100D41FE3 /* Resources */,
			);
			buildRules = (
			);
			dependencies = (
				271A7C722942D29100D41FE3 /* PBXTargetDependency */,
			);
			name = BuckleUpTests;
			packageProductDependencies = (
				271A7C812942EBA700D41FE3 /* FirebaseFirestore */,
			);
			productName = BuckleUpTests;
			productReference = 271A7C6D2942D29100D41FE3 /* BuckleUpTests.xctest */;
			productType = "com.apple.product-type.bundle.unit-test";
		};
/* End PBXNativeTarget section */

/* Begin PBXProject section */
		2713937C290828B0007363E2 /* Project object */ = {
			isa = PBXProject;
			attributes = {
				BuildIndependentTargetsInParallel = 1;
				LastSwiftUpdateCheck = 1410;
				LastUpgradeCheck = 1400;
				TargetAttributes = {
					27139383290828B0007363E2 = {
						CreatedOnToolsVersion = 14.0.1;
					};
					271A7C6C2942D29100D41FE3 = {
						CreatedOnToolsVersion = 14.1;
						TestTargetID = 27139383290828B0007363E2;
					};
				};
			};
			buildConfigurationList = 2713937F290828B0007363E2 /* Build configuration list for PBXProject "BuckleUp" */;
			compatibilityVersion = "Xcode 14.0";
			developmentRegion = en;
			hasScannedForEncodings = 0;
			knownRegions = (
				en,
				Base,
			);
			mainGroup = 2713937B290828B0007363E2;
			packageReferences = (
				271393952908299E007363E2 /* XCRemoteSwiftPackageReference "firebase-ios-sdk" */,
			);
			productRefGroup = 27139385290828B0007363E2 /* Products */;
			projectDirPath = "";
			projectRoot = "";
			targets = (
				27139383290828B0007363E2 /* BuckleUp */,
				271A7C6C2942D29100D41FE3 /* BuckleUpTests */,
			);
		};
/* End PBXProject section */

/* Begin PBXResourcesBuildPhase section */
		27139382290828B0007363E2 /* Resources */ = {
			isa = PBXResourcesBuildPhase;
			buildActionMask = 2147483647;
			files = (
				2713938F290828B1007363E2 /* Preview Assets.xcassets in Resources */,
				2713938C290828B1007363E2 /* Assets.xcassets in Resources */,
				27621951293CEEDC00A966E8 /* GoogleService-Info.plist in Resources */,
			);
			runOnlyForDeploymentPostprocessing = 0;
		};
		271A7C6B2942D29100D41FE3 /* Resources */ = {
			isa = PBXResourcesBuildPhase;
			buildActionMask = 2147483647;
			files = (
			);
			runOnlyForDeploymentPostprocessing = 0;
		};
/* End PBXResourcesBuildPhase section */

/* Begin PBXSourcesBuildPhase section */
		27139380290828B0007363E2 /* Sources */ = {
			isa = PBXSourcesBuildPhase;
			buildActionMask = 2147483647;
			files = (
				27362FC72941935C0013D550 /* CircleProgressView.swift in Sources */,
				270A47122915CF78002D46A2 /* TripCollection.swift in Sources */,
				270A471A2915DC7A002D46A2 /* PackerView.swift in Sources */,
				2738AC332908B8DA00DE90CF /* Trip.swift in Sources */,
				2738AC312908B83300DE90CF /* Item.swift in Sources */,
				270A47162915D98E002D46A2 /* TripCollectionRepository.swift in Sources */,
				271A7C662942998A00D41FE3 /* SignUpView.swift in Sources */,
				271D3852291B8F51003E73DF /* PlanOutfitsView.swift in Sources */,
				2738AC2F2908B7B800DE90CF /* User.swift in Sources */,
				87520B2629381EF500C16D98 /* Packer.swift in Sources */,
				87520B2C293821AB00C16D98 /* PackerRepository.swift in Sources */,
				27A1345F290F1B250082F3AA /* ClothesController.swift in Sources */,
				27621955293D413300A966E8 /* EditingMode.swift in Sources */,
				87520B2829381FAC00C16D98 /* DailyPacker.swift in Sources */,
				27621953293CFAD900A966E8 /* DailyPackerItemView.swift in Sources */,
				2738AC2C2908B74200DE90CF /* UserRepository.swift in Sources */,
				87ADF5E3291B6CFD00748EFA /* UserAuth.swift in Sources */,
				27A13461290F1B430082F3AA /* TripController.swift in Sources */,
				27D6EDB5291C318D00DF6C59 /* ChecklistView.swift in Sources */,
				271A7C68294299BD00D41FE3 /* LoginView.swift in Sources */,
				87ADF5E9291C4F1E00748EFA /* ListBackground.swift in Sources */,
				87ADF5DE291893EC00748EFA /* MainView.swift in Sources */,
				87ADF5E7291B7DBB00748EFA /* TripRowView.swift in Sources */,
				8763E6E5293ED6BA00D1C492 /* CheckListRowView.swift in Sources */,
				27139388290828B0007363E2 /* BuckleUpApp.swift in Sources */,
			);
			runOnlyForDeploymentPostprocessing = 0;
		};
		271A7C692942D29100D41FE3 /* Sources */ = {
			isa = PBXSourcesBuildPhase;
			buildActionMask = 2147483647;
			files = (
				271A7C7D2942E87300D41FE3 /* TripTest.swift in Sources */,
				271A7C792942D75D00D41FE3 /* ItemTest.swift in Sources */,
				271A7C7B2942D79A00D41FE3 /* MockData.swift in Sources */,
				271A7C702942D29100D41FE3 /* BuckleUpTests.swift in Sources */,
			);
			runOnlyForDeploymentPostprocessing = 0;
		};
/* End PBXSourcesBuildPhase section */

/* Begin PBXTargetDependency section */
		271A7C722942D29100D41FE3 /* PBXTargetDependency */ = {
			isa = PBXTargetDependency;
			target = 27139383290828B0007363E2 /* BuckleUp */;
			targetProxy = 271A7C712942D29100D41FE3 /* PBXContainerItemProxy */;
		};
/* End PBXTargetDependency section */

/* Begin XCBuildConfiguration section */
		27139390290828B1007363E2 /* Debug */ = {
			isa = XCBuildConfiguration;
			buildSettings = {
				ALWAYS_SEARCH_USER_PATHS = NO;
				CLANG_ANALYZER_NONNULL = YES;
				CLANG_ANALYZER_NUMBER_OBJECT_CONVERSION = YES_AGGRESSIVE;
				CLANG_CXX_LANGUAGE_STANDARD = "gnu++20";
				CLANG_ENABLE_MODULES = YES;
				CLANG_ENABLE_OBJC_ARC = YES;
				CLANG_ENABLE_OBJC_WEAK = YES;
				CLANG_WARN_BLOCK_CAPTURE_AUTORELEASING = YES;
				CLANG_WARN_BOOL_CONVERSION = YES;
				CLANG_WARN_COMMA = YES;
				CLANG_WARN_CONSTANT_CONVERSION = YES;
				CLANG_WARN_DEPRECATED_OBJC_IMPLEMENTATIONS = YES;
				CLANG_WARN_DIRECT_OBJC_ISA_USAGE = YES_ERROR;
				CLANG_WARN_DOCUMENTATION_COMMENTS = YES;
				CLANG_WARN_EMPTY_BODY = YES;
				CLANG_WARN_ENUM_CONVERSION = YES;
				CLANG_WARN_INFINITE_RECURSION = YES;
				CLANG_WARN_INT_CONVERSION = YES;
				CLANG_WARN_NON_LITERAL_NULL_CONVERSION = YES;
				CLANG_WARN_OBJC_IMPLICIT_RETAIN_SELF = YES;
				CLANG_WARN_OBJC_LITERAL_CONVERSION = YES;
				CLANG_WARN_OBJC_ROOT_CLASS = YES_ERROR;
				CLANG_WARN_QUOTED_INCLUDE_IN_FRAMEWORK_HEADER = YES;
				CLANG_WARN_RANGE_LOOP_ANALYSIS = YES;
				CLANG_WARN_STRICT_PROTOTYPES = YES;
				CLANG_WARN_SUSPICIOUS_MOVE = YES;
				CLANG_WARN_UNGUARDED_AVAILABILITY = YES_AGGRESSIVE;
				CLANG_WARN_UNREACHABLE_CODE = YES;
				CLANG_WARN__DUPLICATE_METHOD_MATCH = YES;
				COPY_PHASE_STRIP = NO;
				DEBUG_INFORMATION_FORMAT = dwarf;
				ENABLE_STRICT_OBJC_MSGSEND = YES;
				ENABLE_TESTABILITY = YES;
				GCC_C_LANGUAGE_STANDARD = gnu11;
				GCC_DYNAMIC_NO_PIC = NO;
				GCC_NO_COMMON_BLOCKS = YES;
				GCC_OPTIMIZATION_LEVEL = 0;
				GCC_PREPROCESSOR_DEFINITIONS = (
					"DEBUG=1",
					"$(inherited)",
				);
				GCC_WARN_64_TO_32_BIT_CONVERSION = YES;
				GCC_WARN_ABOUT_RETURN_TYPE = YES_ERROR;
				GCC_WARN_UNDECLARED_SELECTOR = YES;
				GCC_WARN_UNINITIALIZED_AUTOS = YES_AGGRESSIVE;
				GCC_WARN_UNUSED_FUNCTION = YES;
				GCC_WARN_UNUSED_VARIABLE = YES;
				IPHONEOS_DEPLOYMENT_TARGET = 16.0;
				MTL_ENABLE_DEBUG_INFO = INCLUDE_SOURCE;
				MTL_FAST_MATH = YES;
				ONLY_ACTIVE_ARCH = YES;
				SDKROOT = iphoneos;
				SWIFT_ACTIVE_COMPILATION_CONDITIONS = DEBUG;
				SWIFT_OPTIMIZATION_LEVEL = "-Onone";
			};
			name = Debug;
		};
		27139391290828B1007363E2 /* Release */ = {
			isa = XCBuildConfiguration;
			buildSettings = {
				ALWAYS_SEARCH_USER_PATHS = NO;
				CLANG_ANALYZER_NONNULL = YES;
				CLANG_ANALYZER_NUMBER_OBJECT_CONVERSION = YES_AGGRESSIVE;
				CLANG_CXX_LANGUAGE_STANDARD = "gnu++20";
				CLANG_ENABLE_MODULES = YES;
				CLANG_ENABLE_OBJC_ARC = YES;
				CLANG_ENABLE_OBJC_WEAK = YES;
				CLANG_WARN_BLOCK_CAPTURE_AUTORELEASING = YES;
				CLANG_WARN_BOOL_CONVERSION = YES;
				CLANG_WARN_COMMA = YES;
				CLANG_WARN_CONSTANT_CONVERSION = YES;
				CLANG_WARN_DEPRECATED_OBJC_IMPLEMENTATIONS = YES;
				CLANG_WARN_DIRECT_OBJC_ISA_USAGE = YES_ERROR;
				CLANG_WARN_DOCUMENTATION_COMMENTS = YES;
				CLANG_WARN_EMPTY_BODY = YES;
				CLANG_WARN_ENUM_CONVERSION = YES;
				CLANG_WARN_INFINITE_RECURSION = YES;
				CLANG_WARN_INT_CONVERSION = YES;
				CLANG_WARN_NON_LITERAL_NULL_CONVERSION = YES;
				CLANG_WARN_OBJC_IMPLICIT_RETAIN_SELF = YES;
				CLANG_WARN_OBJC_LITERAL_CONVERSION = YES;
				CLANG_WARN_OBJC_ROOT_CLASS = YES_ERROR;
				CLANG_WARN_QUOTED_INCLUDE_IN_FRAMEWORK_HEADER = YES;
				CLANG_WARN_RANGE_LOOP_ANALYSIS = YES;
				CLANG_WARN_STRICT_PROTOTYPES = YES;
				CLANG_WARN_SUSPICIOUS_MOVE = YES;
				CLANG_WARN_UNGUARDED_AVAILABILITY = YES_AGGRESSIVE;
				CLANG_WARN_UNREACHABLE_CODE = YES;
				CLANG_WARN__DUPLICATE_METHOD_MATCH = YES;
				COPY_PHASE_STRIP = NO;
				DEBUG_INFORMATION_FORMAT = "dwarf-with-dsym";
				ENABLE_NS_ASSERTIONS = NO;
				ENABLE_STRICT_OBJC_MSGSEND = YES;
				GCC_C_LANGUAGE_STANDARD = gnu11;
				GCC_NO_COMMON_BLOCKS = YES;
				GCC_WARN_64_TO_32_BIT_CONVERSION = YES;
				GCC_WARN_ABOUT_RETURN_TYPE = YES_ERROR;
				GCC_WARN_UNDECLARED_SELECTOR = YES;
				GCC_WARN_UNINITIALIZED_AUTOS = YES_AGGRESSIVE;
				GCC_WARN_UNUSED_FUNCTION = YES;
				GCC_WARN_UNUSED_VARIABLE = YES;
				IPHONEOS_DEPLOYMENT_TARGET = 16.0;
				MTL_ENABLE_DEBUG_INFO = NO;
				MTL_FAST_MATH = YES;
				SDKROOT = iphoneos;
				SWIFT_COMPILATION_MODE = wholemodule;
				SWIFT_OPTIMIZATION_LEVEL = "-O";
				VALIDATE_PRODUCT = YES;
			};
			name = Release;
		};
		27139393290828B1007363E2 /* Debug */ = {
			isa = XCBuildConfiguration;
			buildSettings = {
				ASSETCATALOG_COMPILER_APPICON_NAME = AppIcon;
				ASSETCATALOG_COMPILER_GLOBAL_ACCENT_COLOR_NAME = AccentColor;
				CODE_SIGN_STYLE = Automatic;
				CURRENT_PROJECT_VERSION = 1;
				DEVELOPMENT_ASSET_PATHS = "\"BuckleUp/Preview Content\"";
				DEVELOPMENT_TEAM = 7T977Y5R8K;
				ENABLE_PREVIEWS = YES;
				GENERATE_INFOPLIST_FILE = YES;
				INFOPLIST_FILE = "";
				INFOPLIST_KEY_UIApplicationSceneManifest_Generation = YES;
				INFOPLIST_KEY_UIApplicationSupportsIndirectInputEvents = YES;
				INFOPLIST_KEY_UILaunchScreen_Generation = YES;
				INFOPLIST_KEY_UISupportedInterfaceOrientations_iPad = "UIInterfaceOrientationPortrait UIInterfaceOrientationPortraitUpsideDown UIInterfaceOrientationLandscapeLeft UIInterfaceOrientationLandscapeRight";
				INFOPLIST_KEY_UISupportedInterfaceOrientations_iPhone = "UIInterfaceOrientationPortrait UIInterfaceOrientationLandscapeLeft UIInterfaceOrientationLandscapeRight";
				LD_RUNPATH_SEARCH_PATHS = (
					"$(inherited)",
					"@executable_path/Frameworks",
				);
				MARKETING_VERSION = 1.0;
				PRODUCT_BUNDLE_IDENTIFIER = cmu.edu.f22.yyx.WeatherPacker;
				PRODUCT_NAME = "$(TARGET_NAME)";
				SWIFT_EMIT_LOC_STRINGS = YES;
				SWIFT_VERSION = 5.0;
				TARGETED_DEVICE_FAMILY = "1,2";
			};
			name = Debug;
		};
		27139394290828B1007363E2 /* Release */ = {
			isa = XCBuildConfiguration;
			buildSettings = {
				ASSETCATALOG_COMPILER_APPICON_NAME = AppIcon;
				ASSETCATALOG_COMPILER_GLOBAL_ACCENT_COLOR_NAME = AccentColor;
				CODE_SIGN_STYLE = Automatic;
				CURRENT_PROJECT_VERSION = 1;
				DEVELOPMENT_ASSET_PATHS = "\"BuckleUp/Preview Content\"";
				DEVELOPMENT_TEAM = 7T977Y5R8K;
				ENABLE_PREVIEWS = YES;
				GENERATE_INFOPLIST_FILE = YES;
				INFOPLIST_FILE = "";
				INFOPLIST_KEY_UIApplicationSceneManifest_Generation = YES;
				INFOPLIST_KEY_UIApplicationSupportsIndirectInputEvents = YES;
				INFOPLIST_KEY_UILaunchScreen_Generation = YES;
				INFOPLIST_KEY_UISupportedInterfaceOrientations_iPad = "UIInterfaceOrientationPortrait UIInterfaceOrientationPortraitUpsideDown UIInterfaceOrientationLandscapeLeft UIInterfaceOrientationLandscapeRight";
				INFOPLIST_KEY_UISupportedInterfaceOrientations_iPhone = "UIInterfaceOrientationPortrait UIInterfaceOrientationLandscapeLeft UIInterfaceOrientationLandscapeRight";
				LD_RUNPATH_SEARCH_PATHS = (
					"$(inherited)",
					"@executable_path/Frameworks",
				);
				MARKETING_VERSION = 1.0;
				PRODUCT_BUNDLE_IDENTIFIER = cmu.edu.f22.yyx.BuckleUp;
				PRODUCT_NAME = "$(TARGET_NAME)";
				SWIFT_EMIT_LOC_STRINGS = YES;
				SWIFT_VERSION = 5.0;
				TARGETED_DEVICE_FAMILY = "1,2";
			};
			name = Release;
		};
		271A7C742942D29100D41FE3 /* Debug */ = {
			isa = XCBuildConfiguration;
			buildSettings = {
				BUNDLE_LOADER = "$(TEST_HOST)";
				CODE_SIGN_STYLE = Automatic;
				CURRENT_PROJECT_VERSION = 1;
				DEVELOPMENT_TEAM = 7T977Y5R8K;
				GENERATE_INFOPLIST_FILE = YES;
				IPHONEOS_DEPLOYMENT_TARGET = 16.1;
				MARKETING_VERSION = 1.0;
				PRODUCT_BUNDLE_IDENTIFIER = cmu.edu.f22.BuckleUpTests;
				PRODUCT_NAME = "$(TARGET_NAME)";
				SWIFT_EMIT_LOC_STRINGS = NO;
				SWIFT_VERSION = 5.0;
				TARGETED_DEVICE_FAMILY = "1,2";
				TEST_HOST = "$(BUILT_PRODUCTS_DIR)/BuckleUp.app/$(BUNDLE_EXECUTABLE_FOLDER_PATH)/BuckleUp";
			};
			name = Debug;
		};
		271A7C752942D29100D41FE3 /* Release */ = {
			isa = XCBuildConfiguration;
			buildSettings = {
				BUNDLE_LOADER = "$(TEST_HOST)";
				CODE_SIGN_STYLE = Automatic;
				CURRENT_PROJECT_VERSION = 1;
				DEVELOPMENT_TEAM = 7T977Y5R8K;
				GENERATE_INFOPLIST_FILE = YES;
				IPHONEOS_DEPLOYMENT_TARGET = 16.1;
				MARKETING_VERSION = 1.0;
				PRODUCT_BUNDLE_IDENTIFIER = cmu.edu.f22.BuckleUpTests;
				PRODUCT_NAME = "$(TARGET_NAME)";
				SWIFT_EMIT_LOC_STRINGS = NO;
				SWIFT_VERSION = 5.0;
				TARGETED_DEVICE_FAMILY = "1,2";
				TEST_HOST = "$(BUILT_PRODUCTS_DIR)/BuckleUp.app/$(BUNDLE_EXECUTABLE_FOLDER_PATH)/BuckleUp";
			};
			name = Release;
		};
/* End XCBuildConfiguration section */

/* Begin XCConfigurationList section */
		2713937F290828B0007363E2 /* Build configuration list for PBXProject "BuckleUp" */ = {
			isa = XCConfigurationList;
			buildConfigurations = (
				27139390290828B1007363E2 /* Debug */,
				27139391290828B1007363E2 /* Release */,
			);
			defaultConfigurationIsVisible = 0;
			defaultConfigurationName = Release;
		};
		27139392290828B1007363E2 /* Build configuration list for PBXNativeTarget "BuckleUp" */ = {
			isa = XCConfigurationList;
			buildConfigurations = (
				27139393290828B1007363E2 /* Debug */,
				27139394290828B1007363E2 /* Release */,
			);
			defaultConfigurationIsVisible = 0;
			defaultConfigurationName = Release;
		};
		271A7C732942D29100D41FE3 /* Build configuration list for PBXNativeTarget "BuckleUpTests" */ = {
			isa = XCConfigurationList;
			buildConfigurations = (
				271A7C742942D29100D41FE3 /* Debug */,
				271A7C752942D29100D41FE3 /* Release */,
			);
			defaultConfigurationIsVisible = 0;
			defaultConfigurationName = Release;
		};
/* End XCConfigurationList section */

/* Begin XCRemoteSwiftPackageReference section */
		271393952908299E007363E2 /* XCRemoteSwiftPackageReference "firebase-ios-sdk" */ = {
			isa = XCRemoteSwiftPackageReference;
			repositoryURL = "https://github.com/firebase/firebase-ios-sdk.git";
			requirement = {
				kind = upToNextMajorVersion;
				minimumVersion = 9.0.0;
			};
		};
/* End XCRemoteSwiftPackageReference section */

/* Begin XCSwiftPackageProductDependency section */
		271393962908299E007363E2 /* FirebaseFirestore */ = {
			isa = XCSwiftPackageProductDependency;
			package = 271393952908299E007363E2 /* XCRemoteSwiftPackageReference "firebase-ios-sdk" */;
			productName = FirebaseFirestore;
		};
		271393982908299E007363E2 /* FirebaseFirestoreSwift */ = {
			isa = XCSwiftPackageProductDependency;
			package = 271393952908299E007363E2 /* XCRemoteSwiftPackageReference "firebase-ios-sdk" */;
			productName = FirebaseFirestoreSwift;
		};
		271A7C812942EBA700D41FE3 /* FirebaseFirestore */ = {
			isa = XCSwiftPackageProductDependency;
			package = 271393952908299E007363E2 /* XCRemoteSwiftPackageReference "firebase-ios-sdk" */;
			productName = FirebaseFirestore;
		};
/* End XCSwiftPackageProductDependency section */
	};
	rootObject = 2713937C290828B0007363E2 /* Project object */;
}
